
Microsoft Visual Studio Solution File, Format Version 12.00
# Visual Studio Version 17
VisualStudioVersion = 17.3.32922.545
MinimumVisualStudioVersion = 10.0.40219.1
Project("{FAE04EC0-301F-11D3-BF4B-00C04F79EFBC}") = "Login", "Login\Login.csproj", "{B04C7A30-6475-4C13-A1E1-39F89761A9FA}"
EndProject
Global
	GlobalSection(SolutionConfigurationPlatforms) = preSolution
		Debug|Any CPU = Debug|Any CPU
		Release|Any CPU = Release|Any CPU
	EndGlobalSection
	GlobalSection(ProjectConfigurationPlatforms) = postSolution
		{B04C7A30-6475-4C13-A1E1-39F89761A9FA}.Debug|Any CPU.ActiveCfg = Debug|Any CPU
		{B04C7A30-6475-4C13-A1E1-39F89761A9FA}.Debug|Any CPU.Build.0 = Debug|Any CPU
		{B04C7A30-6475-4C13-A1E1-39F89761A9FA}.Release|Any CPU.ActiveCfg = Release|Any CPU
		{B04C7A30-6475-4C13-A1E1-39F89761A9FA}.Release|Any CPU.Build.0 = Release|Any CPU
	EndGlobalSection
	GlobalSection(SolutionProperties) = preSolution
		HideSolutionNode = FALSE
	EndGlobalSection
	GlobalSection(ExtensibilityGlobals) = postSolution
		SolutionGuid = {78FDFE5B-EF76-4EE6-B682-08B400510AF6}
	EndGlobalSection
EndGlobal
